
Microsoft Visual Studio Solution File, Format Version 12.00
# Visual Studio Version 17
VisualStudioVersion = 17.3.32804.467
MinimumVisualStudioVersion = 10.0.40219.1
Project("{9A19103F-16F7-4668-BE54-9A1E7A4F7556}") = "Fcx.Caixa.Infrastructure", "Fcx.Caixa.Infrastructure\Fcx.Caixa.Infrastructure.csproj", "{65E0628D-B061-4B5B-AC70-34C8A5E1EF1F}"
EndProject
Project("{9A19103F-16F7-4668-BE54-9A1E7A4F7556}") = "Fcx.Caixa.Domain", "Fcx.Caixa.Domain\Fcx.Caixa.Domain.csproj", "{A5CE6523-25FF-4AE1-ABA4-C9A521806322}"
EndProject
Project("{9A19103F-16F7-4668-BE54-9A1E7A4F7556}") = "Fcx.Caixa.API", "Fcx.Caixa.API\Fcx.Caixa.API.csproj", "{0DC09575-24AA-4FAC-B9E7-3C8F6D870515}"
EndProject
Project("{2150E333-8FDC-42A3-9474-1A3956D46DE8}") = "src", "src", "{14F45950-127D-4D4D-B2C9-4FA1922E294F}"
EndProject
Project("{2150E333-8FDC-42A3-9474-1A3956D46DE8}") = "tests", "tests", "{A1D1FDDC-0FB0-406B-B346-AEED998954D1}"
EndProject
Project("{9A19103F-16F7-4668-BE54-9A1E7A4F7556}") = "Fcx.Caixa.Application.Tests", "Fcx.Application.Tests\Fcx.Caixa.Application.Tests.csproj", "{2D6E0D73-8B77-4E1E-82E7-1613BE16188B}"
EndProject
Project("{9A19103F-16F7-4668-BE54-9A1E7A4F7556}") = "Fcx.Caixa.Infrastructure.Test", "Fcx.Infrastructure.Test\Fcx.Caixa.Infrastructure.Test.csproj", "{A32CAFC7-F588-431A-8668-991E74892238}"
EndProject
Project("{9A19103F-16F7-4668-BE54-9A1E7A4F7556}") = "Fcx.Caixa.Domain.Tests", "Fcx.Caixa.Domain.Tests\Fcx.Caixa.Domain.Tests.csproj", "{B9FB82C2-0460-4908-8BB4-B0C06D29AC03}"
EndProject
Project("{2150E333-8FDC-42A3-9474-1A3956D46DE8}") = "services", "services", "{22FA3CE3-69E9-4AB6-91C8-8C8E0171B965}"
EndProject
Project("{2150E333-8FDC-42A3-9474-1A3956D46DE8}") = "library", "library", "{28EDA1D3-AA45-454D-AF68-B9848F1BE7E5}"
EndProject
Project("{9A19103F-16F7-4668-BE54-9A1E7A4F7556}") = "Fcx.Library.Application", "..\..\library\Fcx.Library.Application\Fcx.Library.Application.csproj", "{5933A441-732C-4255-BC8C-354B1D3D79FF}"
EndProject
Project("{9A19103F-16F7-4668-BE54-9A1E7A4F7556}") = "Fcx.Library.Domain", "..\..\library\Fcx.Library.Domain\Fcx.Library.Domain.csproj", "{7D89A1E5-6A68-4F4A-AFBF-3A2C31EBEB9B}"
EndProject
Project("{9A19103F-16F7-4668-BE54-9A1E7A4F7556}") = "Fcx.Library.Helpers", "..\..\library\Fcx.library.Helpers\Fcx.Library.Helpers.csproj", "{A7A166DE-7100-413D-832E-D4A3F94E121C}"
EndProject
Project("{9A19103F-16F7-4668-BE54-9A1E7A4F7556}") = "Fcx.Library.Infrastructure", "..\..\library\Fcx.Library.Infrastructure\Fcx.Library.Infrastructure.csproj", "{83501F0A-E2FF-424C-85A7-687CB842EE6F}"
EndProject
Project("{9A19103F-16F7-4668-BE54-9A1E7A4F7556}") = "Fcx.Library.Infrastructure.Rabbitmq", "..\..\library\Fcx.Library.Infrastructure.MessageBus\Fcx.Library.Infrastructure.Rabbitmq.csproj", "{062A9B6C-4467-4C77-AD77-9A1DBD35DD95}"
EndProject
Project("{9A19103F-16F7-4668-BE54-9A1E7A4F7556}") = "Fcx.Caixa.Application", "Fcx.Caixa.Application\Fcx.Caixa.Application.csproj", "{EC0FEDDD-6180-48B1-A250-2B9A463E72F4}"
EndProject
Project("{2150E333-8FDC-42A3-9474-1A3956D46DE8}") = "caixa", "caixa", "{2F5FE94D-830B-41FC-8493-75E60AC93608}"
EndProject
Project("{2150E333-8FDC-42A3-9474-1A3956D46DE8}") = "relatorio", "relatorio", "{90DF3ECB-8E79-4864-A90C-B255EE93CF5E}"
EndProject
Project("{9A19103F-16F7-4668-BE54-9A1E7A4F7556}") = "Fcx.relatorio.API", "..\relatorio\Fcx.relatorio.API\Fcx.relatorio.API.csproj", "{25BA7F3F-8472-46F6-B5A0-64B0985BC997}"
EndProject
Project("{FAE04EC0-301F-11D3-BF4B-00C04F79EFBC}") = "Fcx.Caixa.Worker", "Fcx.Caixa.Worker\Fcx.Caixa.Worker.csproj", "{C28EC740-C234-4449-812B-B22302E5C576}"
EndProject
Project("{2150E333-8FDC-42A3-9474-1A3956D46DE8}") = "microservices", "microservices", "{8721C2E6-F221-40D7-A4E1-4585E24E03B5}"
EndProject
Global
	GlobalSection(SolutionConfigurationPlatforms) = preSolution
		Debug|Any CPU = Debug|Any CPU
		Release|Any CPU = Release|Any CPU
	EndGlobalSection
	GlobalSection(ProjectConfigurationPlatforms) = postSolution
		{65E0628D-B061-4B5B-AC70-34C8A5E1EF1F}.Debug|Any CPU.ActiveCfg = Debug|Any CPU
		{65E0628D-B061-4B5B-AC70-34C8A5E1EF1F}.Debug|Any CPU.Build.0 = Debug|Any CPU
		{65E0628D-B061-4B5B-AC70-34C8A5E1EF1F}.Release|Any CPU.ActiveCfg = Release|Any CPU
		{65E0628D-B061-4B5B-AC70-34C8A5E1EF1F}.Release|Any CPU.Build.0 = Release|Any CPU
		{A5CE6523-25FF-4AE1-ABA4-C9A521806322}.Debug|Any CPU.ActiveCfg = Debug|Any CPU
		{A5CE6523-25FF-4AE1-ABA4-C9A521806322}.Debug|Any CPU.Build.0 = Debug|Any CPU
		{A5CE6523-25FF-4AE1-ABA4-C9A521806322}.Release|Any CPU.ActiveCfg = Release|Any CPU
		{A5CE6523-25FF-4AE1-ABA4-C9A521806322}.Release|Any CPU.Build.0 = Release|Any CPU
		{0DC09575-24AA-4FAC-B9E7-3C8F6D870515}.Debug|Any CPU.ActiveCfg = Debug|Any CPU
		{0DC09575-24AA-4FAC-B9E7-3C8F6D870515}.Debug|Any CPU.Build.0 = Debug|Any CPU
		{0DC09575-24AA-4FAC-B9E7-3C8F6D870515}.Release|Any CPU.ActiveCfg = Release|Any CPU
		{0DC09575-24AA-4FAC-B9E7-3C8F6D870515}.Release|Any CPU.Build.0 = Release|Any CPU
		{2D6E0D73-8B77-4E1E-82E7-1613BE16188B}.Debug|Any CPU.ActiveCfg = Debug|Any CPU
		{2D6E0D73-8B77-4E1E-82E7-1613BE16188B}.Debug|Any CPU.Build.0 = Debug|Any CPU
		{2D6E0D73-8B77-4E1E-82E7-1613BE16188B}.Release|Any CPU.ActiveCfg = Release|Any CPU
		{2D6E0D73-8B77-4E1E-82E7-1613BE16188B}.Release|Any CPU.Build.0 = Release|Any CPU
		{A32CAFC7-F588-431A-8668-991E74892238}.Debug|Any CPU.ActiveCfg = Debug|Any CPU
		{A32CAFC7-F588-431A-8668-991E74892238}.Debug|Any CPU.Build.0 = Debug|Any CPU
		{A32CAFC7-F588-431A-8668-991E74892238}.Release|Any CPU.ActiveCfg = Release|Any CPU
		{A32CAFC7-F588-431A-8668-991E74892238}.Release|Any CPU.Build.0 = Release|Any CPU
		{B9FB82C2-0460-4908-8BB4-B0C06D29AC03}.Debug|Any CPU.ActiveCfg = Debug|Any CPU
		{B9FB82C2-0460-4908-8BB4-B0C06D29AC03}.Debug|Any CPU.Build.0 = Debug|Any CPU
		{B9FB82C2-0460-4908-8BB4-B0C06D29AC03}.Release|Any CPU.ActiveCfg = Release|Any CPU
		{B9FB82C2-0460-4908-8BB4-B0C06D29AC03}.Release|Any CPU.Build.0 = Release|Any CPU
		{5933A441-732C-4255-BC8C-354B1D3D79FF}.Debug|Any CPU.ActiveCfg = Debug|Any CPU
		{5933A441-732C-4255-BC8C-354B1D3D79FF}.Debug|Any CPU.Build.0 = Debug|Any CPU
		{5933A441-732C-4255-BC8C-354B1D3D79FF}.Release|Any CPU.ActiveCfg = Release|Any CPU
		{5933A441-732C-4255-BC8C-354B1D3D79FF}.Release|Any CPU.Build.0 = Release|Any CPU
		{7D89A1E5-6A68-4F4A-AFBF-3A2C31EBEB9B}.Debug|Any CPU.ActiveCfg = Debug|Any CPU
		{7D89A1E5-6A68-4F4A-AFBF-3A2C31EBEB9B}.Debug|Any CPU.Build.0 = Debug|Any CPU
		{7D89A1E5-6A68-4F4A-AFBF-3A2C31EBEB9B}.Release|Any CPU.ActiveCfg = Release|Any CPU
		{7D89A1E5-6A68-4F4A-AFBF-3A2C31EBEB9B}.Release|Any CPU.Build.0 = Release|Any CPU
		{A7A166DE-7100-413D-832E-D4A3F94E121C}.Debug|Any CPU.ActiveCfg = Debug|Any CPU
		{A7A166DE-7100-413D-832E-D4A3F94E121C}.Debug|Any CPU.Build.0 = Debug|Any CPU
		{A7A166DE-7100-413D-832E-D4A3F94E121C}.Release|Any CPU.ActiveCfg = Release|Any CPU
		{A7A166DE-7100-413D-832E-D4A3F94E121C}.Release|Any CPU.Build.0 = Release|Any CPU
		{83501F0A-E2FF-424C-85A7-687CB842EE6F}.Debug|Any CPU.ActiveCfg = Debug|Any CPU
		{83501F0A-E2FF-424C-85A7-687CB842EE6F}.Debug|Any CPU.Build.0 = Debug|Any CPU
		{83501F0A-E2FF-424C-85A7-687CB842EE6F}.Release|Any CPU.ActiveCfg = Release|Any CPU
		{83501F0A-E2FF-424C-85A7-687CB842EE6F}.Release|Any CPU.Build.0 = Release|Any CPU
		{062A9B6C-4467-4C77-AD77-9A1DBD35DD95}.Debug|Any CPU.ActiveCfg = Debug|Any CPU
		{062A9B6C-4467-4C77-AD77-9A1DBD35DD95}.Debug|Any CPU.Build.0 = Debug|Any CPU
		{062A9B6C-4467-4C77-AD77-9A1DBD35DD95}.Release|Any CPU.ActiveCfg = Release|Any CPU
		{062A9B6C-4467-4C77-AD77-9A1DBD35DD95}.Release|Any CPU.Build.0 = Release|Any CPU
		{EC0FEDDD-6180-48B1-A250-2B9A463E72F4}.Debug|Any CPU.ActiveCfg = Debug|Any CPU
		{EC0FEDDD-6180-48B1-A250-2B9A463E72F4}.Debug|Any CPU.Build.0 = Debug|Any CPU
		{EC0FEDDD-6180-48B1-A250-2B9A463E72F4}.Release|Any CPU.ActiveCfg = Release|Any CPU
		{EC0FEDDD-6180-48B1-A250-2B9A463E72F4}.Release|Any CPU.Build.0 = Release|Any CPU
		{25BA7F3F-8472-46F6-B5A0-64B0985BC997}.Debug|Any CPU.ActiveCfg = Debug|Any CPU
		{25BA7F3F-8472-46F6-B5A0-64B0985BC997}.Debug|Any CPU.Build.0 = Debug|Any CPU
		{25BA7F3F-8472-46F6-B5A0-64B0985BC997}.Release|Any CPU.ActiveCfg = Release|Any CPU
		{25BA7F3F-8472-46F6-B5A0-64B0985BC997}.Release|Any CPU.Build.0 = Release|Any CPU
		{C28EC740-C234-4449-812B-B22302E5C576}.Debug|Any CPU.ActiveCfg = Debug|Any CPU
		{C28EC740-C234-4449-812B-B22302E5C576}.Debug|Any CPU.Build.0 = Debug|Any CPU
		{C28EC740-C234-4449-812B-B22302E5C576}.Release|Any CPU.ActiveCfg = Release|Any CPU
		{C28EC740-C234-4449-812B-B22302E5C576}.Release|Any CPU.Build.0 = Release|Any CPU
	EndGlobalSection
	GlobalSection(SolutionProperties) = preSolution
		HideSolutionNode = FALSE
	EndGlobalSection
	GlobalSection(NestedProjects) = preSolution
		{65E0628D-B061-4B5B-AC70-34C8A5E1EF1F} = {8721C2E6-F221-40D7-A4E1-4585E24E03B5}
		{A5CE6523-25FF-4AE1-ABA4-C9A521806322} = {8721C2E6-F221-40D7-A4E1-4585E24E03B5}
		{0DC09575-24AA-4FAC-B9E7-3C8F6D870515} = {2F5FE94D-830B-41FC-8493-75E60AC93608}
		{2D6E0D73-8B77-4E1E-82E7-1613BE16188B} = {A1D1FDDC-0FB0-406B-B346-AEED998954D1}
		{A32CAFC7-F588-431A-8668-991E74892238} = {A1D1FDDC-0FB0-406B-B346-AEED998954D1}
		{B9FB82C2-0460-4908-8BB4-B0C06D29AC03} = {A1D1FDDC-0FB0-406B-B346-AEED998954D1}
		{22FA3CE3-69E9-4AB6-91C8-8C8E0171B965} = {14F45950-127D-4D4D-B2C9-4FA1922E294F}
		{28EDA1D3-AA45-454D-AF68-B9848F1BE7E5} = {14F45950-127D-4D4D-B2C9-4FA1922E294F}
		{5933A441-732C-4255-BC8C-354B1D3D79FF} = {28EDA1D3-AA45-454D-AF68-B9848F1BE7E5}
		{7D89A1E5-6A68-4F4A-AFBF-3A2C31EBEB9B} = {28EDA1D3-AA45-454D-AF68-B9848F1BE7E5}
		{A7A166DE-7100-413D-832E-D4A3F94E121C} = {28EDA1D3-AA45-454D-AF68-B9848F1BE7E5}
		{83501F0A-E2FF-424C-85A7-687CB842EE6F} = {28EDA1D3-AA45-454D-AF68-B9848F1BE7E5}
		{062A9B6C-4467-4C77-AD77-9A1DBD35DD95} = {28EDA1D3-AA45-454D-AF68-B9848F1BE7E5}
		{EC0FEDDD-6180-48B1-A250-2B9A463E72F4} = {8721C2E6-F221-40D7-A4E1-4585E24E03B5}
		{2F5FE94D-830B-41FC-8493-75E60AC93608} = {22FA3CE3-69E9-4AB6-91C8-8C8E0171B965}
		{90DF3ECB-8E79-4864-A90C-B255EE93CF5E} = {22FA3CE3-69E9-4AB6-91C8-8C8E0171B965}
		{25BA7F3F-8472-46F6-B5A0-64B0985BC997} = {90DF3ECB-8E79-4864-A90C-B255EE93CF5E}
		{C28EC740-C234-4449-812B-B22302E5C576} = {8721C2E6-F221-40D7-A4E1-4585E24E03B5}
		{8721C2E6-F221-40D7-A4E1-4585E24E03B5} = {14F45950-127D-4D4D-B2C9-4FA1922E294F}
	EndGlobalSection
	GlobalSection(ExtensibilityGlobals) = postSolution
		SolutionGuid = {87EBCAA2-B8EA-4CF7-99A2-B4E8146E889F}
	EndGlobalSection
EndGlobal
